
Microsoft Visual Studio Solution File, Format Version 12.00
# Visual Studio Version 16
VisualStudioVersion = 16.0.29418.71
MinimumVisualStudioVersion = 10.0.40219.1
Project("{FAE04EC0-301F-11D3-BF4B-00C04F79EFBC}") = "TicTacToe", "TicTacToe\TicTacToe.csproj", "{5B910A24-8B27-4C65-9FDC-2338829121FB}"
EndProject
Global
	GlobalSection(SolutionConfigurationPlatforms) = preSolution
		Debug|Any CPU = Debug|Any CPU
		Release|Any CPU = Release|Any CPU
	EndGlobalSection
	GlobalSection(ProjectConfigurationPlatforms) = postSolution
		{5B910A24-8B27-4C65-9FDC-2338829121FB}.Debug|Any CPU.ActiveCfg = Debug|Any CPU
		{5B910A24-8B27-4C65-9FDC-2338829121FB}.Debug|Any CPU.Build.0 = Debug|Any CPU
		{5B910A24-8B27-4C65-9FDC-2338829121FB}.Release|Any CPU.ActiveCfg = Release|Any CPU
		{5B910A24-8B27-4C65-9FDC-2338829121FB}.Release|Any CPU.Build.0 = Release|Any CPU
	EndGlobalSection
	GlobalSection(SolutionProperties) = preSolution
		HideSolutionNode = FALSE
	EndGlobalSection
	GlobalSection(ExtensibilityGlobals) = postSolution
		SolutionGuid = {669666B0-7CAD-4BF2-8C49-B5A7AAEF75E1}
	EndGlobalSection
EndGlobal
